<?xml version="1.0" encoding="utf-8"?>
<Project ToolsVersion="4.0" xmlns="http://schemas.microsoft.com/developer/msbuild/2003">
  <ItemGroup>
    <ClCompile Include="..\..\asheep\dlls\aflock.cpp">
      <Filter>Source Files</Filter>
    </ClCompile>
    <ClCompile Include="..\..\asheep\dlls\agrunt.cpp">
      <Filter>Source Files</Filter>
    </ClCompile>
    <ClCompile Include="..\..\asheep\dlls\airtank.cpp">
      <Filter>Source Files</Filter>
    </ClCompile>
    <ClCompile Include="..\..\asheep\dlls\animating.cpp">
      <Filter>Source Files</Filter>
    </ClCompile>
    <ClCompile Include="..\..\asheep\dlls\animation.cpp">
      <Filter>Source Files</Filter>
    </ClCompile>
    <ClCompile Include="..\..\asheep\dlls\apache.cpp">
      <Filter>Source Files</Filter>
    </ClCompile>
    <ClCompile Include="..\..\asheep\dlls\barnacle.cpp">
      <Filter>Source Files</Filter>
    </ClCompile>
    <ClCompile Include="..\..\asheep\dlls\barney.cpp">
      <Filter>Source Files</Filter>
    </ClCompile>
    <ClCompile Include="..\..\asheep\dlls\bigmomma.cpp">
      <Filter>Source Files</Filter>
    </ClCompile>
    <ClCompile Include="..\..\asheep\dlls\bloater.cpp">
      <Filter>Source Files</Filter>
    </ClCompile>
    <ClCompile Include="..\..\asheep\dlls\bmodels.cpp">
      <Filter>Source Files</Filter>
    </ClCompile>
    <ClCompile Include="..\..\asheep\dlls\bullsquid.cpp">
      <Filter>Source Files</Filter>
    </ClCompile>
    <ClCompile Include="..\..\asheep\dlls\buttons.cpp">
      <Filter>Source Files</Filter>
    </ClCompile>
    <ClCompile Include="..\..\asheep\dlls\cbase.cpp">
      <Filter>Source Files</Filter>
    </ClCompile>
    <ClCompile Include="..\..\asheep\dlls\client.cpp">
      <Filter>Source Files</Filter>
    </ClCompile>
    <ClCompile Include="..\..\asheep\dlls\combat.cpp">
      <Filter>Source Files</Filter>
    </ClCompile>
    <ClCompile Include="..\..\asheep\dlls\controller.cpp">
      <Filter>Source Files</Filter>
    </ClCompile>
    <ClCompile Include="..\..\asheep\dlls\crossbow.cpp">
      <Filter>Source Files</Filter>
    </ClCompile>
    <ClCompile Include="..\..\asheep\dlls\crowbar.cpp">
      <Filter>Source Files</Filter>
    </ClCompile>
    <ClCompile Include="..\..\asheep\dlls\defaultai.cpp">
      <Filter>Source Files</Filter>
    </ClCompile>
    <ClCompile Include="..\..\asheep\dlls\doors.cpp">
      <Filter>Source Files</Filter>
    </ClCompile>
    <ClCompile Include="..\..\asheep\dlls\effects.cpp">
      <Filter>Source Files</Filter>
    </ClCompile>
    <ClCompile Include="..\..\asheep\dlls\egon.cpp">
      <Filter>Source Files</Filter>
    </ClCompile>
    <ClCompile Include="..\..\asheep\dlls\explode.cpp">
      <Filter>Source Files</Filter>
    </ClCompile>
    <ClCompile Include="..\..\asheep\dlls\flyingmonster.cpp">
      <Filter>Source Files</Filter>
    </ClCompile>
    <ClCompile Include="..\..\asheep\dlls\func_break.cpp">
      <Filter>Source Files</Filter>
    </ClCompile>
    <ClCompile Include="..\..\asheep\dlls\func_tank.cpp">
      <Filter>Source Files</Filter>
    </ClCompile>
    <ClCompile Include="..\..\asheep\dlls\game.cpp">
      <Filter>Source Files</Filter>
    </ClCompile>
    <ClCompile Include="..\..\asheep\dlls\gamerules.cpp">
      <Filter>Source Files</Filter>
    </ClCompile>
    <ClCompile Include="..\..\asheep\dlls\gargantua.cpp">
      <Filter>Source Files</Filter>
    </ClCompile>
    <ClCompile Include="..\..\asheep\dlls\gauss.cpp">
      <Filter>Source Files</Filter>
    </ClCompile>
    <ClCompile Include="..\..\asheep\dlls\genericmonster.cpp">
      <Filter>Source Files</Filter>
    </ClCompile>
    <ClCompile Include="..\..\asheep\dlls\ggrenade.cpp">
      <Filter>Source Files</Filter>
    </ClCompile>
    <ClCompile Include="..\..\asheep\dlls\globals.cpp">
      <Filter>Source Files</Filter>
    </ClCompile>
    <ClCompile Include="..\..\asheep\dlls\gman.cpp">
      <Filter>Source Files</Filter>
    </ClCompile>
    <ClCompile Include="..\..\asheep\dlls\h_ai.cpp">
      <Filter>Source Files</Filter>
    </ClCompile>
    <ClCompile Include="..\..\asheep\dlls\h_battery.cpp">
      <Filter>Source Files</Filter>
    </ClCompile>
    <ClCompile Include="..\..\asheep\dlls\h_cine.cpp">
      <Filter>Source Files</Filter>
    </ClCompile>
    <ClCompile Include="..\..\asheep\dlls\h_cycler.cpp">
      <Filter>Source Files</Filter>
    </ClCompile>
    <ClCompile Include="..\..\asheep\dlls\h_export.cpp">
      <Filter>Source Files</Filter>
    </ClCompile>
    <ClCompile Include="..\..\asheep\dlls\handgrenade.cpp">
      <Filter>Source Files</Filter>
    </ClCompile>
    <ClCompile Include="..\..\asheep\dlls\hassassin.cpp">
      <Filter>Source Files</Filter>
    </ClCompile>
    <ClCompile Include="..\..\asheep\dlls\headcrab.cpp">
      <Filter>Source Files</Filter>
    </ClCompile>
    <ClCompile Include="..\..\asheep\dlls\healthkit.cpp">
      <Filter>Source Files</Filter>
    </ClCompile>
    <ClCompile Include="..\..\asheep\dlls\hgrunt.cpp">
      <Filter>Source Files</Filter>
    </ClCompile>
    <ClCompile Include="..\..\asheep\dlls\wpn_shared\hl_wpn_glock.cpp">
      <Filter>Source Files</Filter>
    </ClCompile>
    <ClCompile Include="..\..\asheep\dlls\hornet.cpp">
      <Filter>Source Files</Filter>
    </ClCompile>
    <ClCompile Include="..\..\asheep\dlls\hornetgun.cpp">
      <Filter>Source Files</Filter>
    </ClCompile>
    <ClCompile Include="..\..\asheep\dlls\houndeye.cpp">
      <Filter>Source Files</Filter>
    </ClCompile>
    <ClCompile Include="..\..\asheep\dlls\ichthyosaur.cpp">
      <Filter>Source Files</Filter>
    </ClCompile>
    <ClCompile Include="..\..\asheep\dlls\islave.cpp">
      <Filter>Source Files</Filter>
    </ClCompile>
    <ClCompile Include="..\..\asheep\dlls\items.cpp">
      <Filter>Source Files</Filter>
    </ClCompile>
    <ClCompile Include="..\..\asheep\dlls\leech.cpp">
      <Filter>Source Files</Filter>
    </ClCompile>
    <ClCompile Include="..\..\asheep\dlls\lights.cpp">
      <Filter>Source Files</Filter>
    </ClCompile>
    <ClCompile Include="..\..\asheep\dlls\maprules.cpp">
      <Filter>Source Files</Filter>
    </ClCompile>
    <ClCompile Include="..\..\asheep\dlls\monstermaker.cpp">
      <Filter>Source Files</Filter>
    </ClCompile>
    <ClCompile Include="..\..\asheep\dlls\monsters.cpp">
      <Filter>Source Files</Filter>
    </ClCompile>
    <ClCompile Include="..\..\asheep\dlls\monsterstate.cpp">
      <Filter>Source Files</Filter>
    </ClCompile>
    <ClCompile Include="..\..\asheep\dlls\mortar.cpp">
      <Filter>Source Files</Filter>
    </ClCompile>
    <ClCompile Include="..\..\asheep\dlls\mp5.cpp">
      <Filter>Source Files</Filter>
    </ClCompile>
    <ClCompile Include="..\..\asheep\dlls\multiplay_gamerules.cpp">
      <Filter>Source Files</Filter>
    </ClCompile>
    <ClCompile Include="..\..\asheep\dlls\nihilanth.cpp">
      <Filter>Source Files</Filter>
    </ClCompile>
    <ClCompile Include="..\..\asheep\dlls\nodes.cpp">
      <Filter>Source Files</Filter>
    </ClCompile>
    <ClCompile Include="..\..\asheep\dlls\observer.cpp">
      <Filter>Source Files</Filter>
    </ClCompile>
    <ClCompile Include="..\..\asheep\dlls\osprey.cpp">
      <Filter>Source Files</Filter>
    </ClCompile>
    <ClCompile Include="..\..\asheep\dlls\pathcorner.cpp">
      <Filter>Source Files</Filter>
    </ClCompile>
    <ClCompile Include="..\..\asheep\dlls\plane.cpp">
      <Filter>Source Files</Filter>
    </ClCompile>
    <ClCompile Include="..\..\asheep\dlls\plats.cpp">
      <Filter>Source Files</Filter>
    </ClCompile>
    <ClCompile Include="..\..\asheep\dlls\player.cpp">
      <Filter>Source Files</Filter>
    </ClCompile>
    <ClCompile Include="..\..\asheep\pm_shared\pm_debug.c">
      <Filter>Source Files</Filter>
    </ClCompile>
    <ClCompile Include="..\..\asheep\pm_shared\pm_math.c">
      <Filter>Source Files</Filter>
    </ClCompile>
    <ClCompile Include="..\..\asheep\pm_shared\pm_shared.c">
      <Filter>Source Files</Filter>
    </ClCompile>
    <ClCompile Include="..\..\asheep\dlls\python.cpp">
      <Filter>Source Files</Filter>
    </ClCompile>
    <ClCompile Include="..\..\asheep\dlls\rat.cpp">
      <Filter>Source Files</Filter>
    </ClCompile>
    <ClCompile Include="..\..\asheep\dlls\roach.cpp">
      <Filter>Source Files</Filter>
    </ClCompile>
    <ClCompile Include="..\..\asheep\dlls\rpg.cpp">
      <Filter>Source Files</Filter>
    </ClCompile>
    <ClCompile Include="..\..\asheep\dlls\satchel.cpp">
      <Filter>Source Files</Filter>
    </ClCompile>
    <ClCompile Include="..\..\asheep\dlls\schedule.cpp">
      <Filter>Source Files</Filter>
    </ClCompile>
    <ClCompile Include="..\..\asheep\dlls\scientist.cpp">
      <Filter>Source Files</Filter>
    </ClCompile>
    <ClCompile Include="..\..\asheep\dlls\scripted.cpp">
      <Filter>Source Files</Filter>
    </ClCompile>
    <ClCompile Include="..\..\asheep\dlls\shotgun.cpp">
      <Filter>Source Files</Filter>
    </ClCompile>
    <ClCompile Include="..\..\asheep\dlls\singleplay_gamerules.cpp">
      <Filter>Source Files</Filter>
    </ClCompile>
    <ClCompile Include="..\..\asheep\dlls\skill.cpp">
      <Filter>Source Files</Filter>
    </ClCompile>
    <ClCompile Include="..\..\asheep\dlls\sound.cpp">
      <Filter>Source Files</Filter>
    </ClCompile>
    <ClCompile Include="..\..\asheep\dlls\soundent.cpp">
      <Filter>Source Files</Filter>
    </ClCompile>
    <ClCompile Include="..\..\asheep\dlls\spectator.cpp">
      <Filter>Source Files</Filter>
    </ClCompile>
    <ClCompile Include="..\..\asheep\dlls\squadmonster.cpp">
      <Filter>Source Files</Filter>
    </ClCompile>
    <ClCompile Include="..\..\asheep\dlls\squeakgrenade.cpp">
      <Filter>Source Files</Filter>
    </ClCompile>
    <ClCompile Include="..\..\asheep\dlls\subs.cpp">
      <Filter>Source Files</Filter>
    </ClCompile>
    <ClCompile Include="..\..\asheep\dlls\talkmonster.cpp">
      <Filter>Source Files</Filter>
    </ClCompile>
    <ClCompile Include="..\..\asheep\dlls\teamplay_gamerules.cpp">
      <Filter>Source Files</Filter>
    </ClCompile>
    <ClCompile Include="..\..\asheep\dlls\tempmonster.cpp">
      <Filter>Source Files</Filter>
    </ClCompile>
    <ClCompile Include="..\..\asheep\dlls\tentacle.cpp">
      <Filter>Source Files</Filter>
    </ClCompile>
    <ClCompile Include="..\..\asheep\dlls\triggers.cpp">
      <Filter>Source Files</Filter>
    </ClCompile>
    <ClCompile Include="..\..\asheep\dlls\tripmine.cpp">
      <Filter>Source Files</Filter>
    </ClCompile>
    <ClCompile Include="..\..\asheep\dlls\turret.cpp">
      <Filter>Source Files</Filter>
    </ClCompile>
    <ClCompile Include="..\..\asheep\dlls\util.cpp">
      <Filter>Source Files</Filter>
    </ClCompile>
    <ClCompile Include="..\..\game_shared\voice_gamemgr.cpp">
      <Filter>Source Files</Filter>
    </ClCompile>
    <ClCompile Include="..\..\asheep\dlls\weapons.cpp">
      <Filter>Source Files</Filter>
    </ClCompile>
    <ClCompile Include="..\..\asheep\dlls\world.cpp">
      <Filter>Source Files</Filter>
    </ClCompile>
    <ClCompile Include="..\..\asheep\dlls\xen.cpp">
      <Filter>Source Files</Filter>
    </ClCompile>
    <ClCompile Include="..\..\asheep\dlls\zombie.cpp">
      <Filter>Source Files</Filter>
    </ClCompile>
    <ClCompile Include="..\..\asheep\dlls\asheep\9mmm41a.cpp">
      <Filter>Source Files\asheep</Filter>
    </ClCompile>
    <ClCompile Include="..\..\asheep\dlls\asheep\adrian.cpp">
      <Filter>Source Files\asheep</Filter>
    </ClCompile>
    <ClCompile Include="..\..\asheep\dlls\asheep\archer.cpp">
      <Filter>Source Files\asheep</Filter>
    </ClCompile>
    <ClCompile Include="..\..\asheep\dlls\asheep\armor.cpp">
      <Filter>Source Files\asheep</Filter>
    </ClCompile>
    <ClCompile Include="..\..\asheep\dlls\asheep\asheep_globals.cpp">
      <Filter>Source Files\asheep</Filter>
    </ClCompile>
    <ClCompile Include="..\..\asheep\dlls\asheep\asheep_map_fixes.cpp">
      <Filter>Source Files\asheep</Filter>
    </ClCompile>
    <ClCompile Include="..\..\asheep\dlls\asheep\asheep_messages.cpp">
      <Filter>Source Files\asheep</Filter>
    </ClCompile>
    <ClCompile Include="..\..\asheep\dlls\asheep\asheep_triggers.cpp">
      <Filter>Source Files\asheep</Filter>
    </ClCompile>
    <ClCompile Include="..\..\asheep\dlls\asheep\asheep_weapons.cpp">
      <Filter>Source Files\asheep</Filter>
    </ClCompile>
    <ClCompile Include="..\..\asheep\dlls\asheep\barney9mmar.cpp">
      <Filter>Source Files\asheep</Filter>
    </ClCompile>
    <ClCompile Include="..\..\asheep\dlls\asheep\barney9mmhg.cpp">
      <Filter>Source Files\asheep</Filter>
    </ClCompile>
    <ClCompile Include="..\..\asheep\dlls\asheep\barneyhandgrenade.cpp">
      <Filter>Source Files\asheep</Filter>
    </ClCompile>
    <ClCompile Include="..\..\asheep\dlls\asheep\barneyshotgun.cpp">
      <Filter>Source Files\asheep</Filter>
    </ClCompile>
    <ClCompile Include="..\..\asheep\dlls\asheep\barniel.cpp">
      <Filter>Source Files\asheep</Filter>
    </ClCompile>
    <ClCompile Include="..\..\asheep\dlls\asheep\basemonsterrepel.cpp">
      <Filter>Source Files\asheep</Filter>
    </ClCompile>
    <ClCompile Include="..\..\asheep\dlls\asheep\basemonsterwithheadcrabai.cpp">
      <Filter>Source Files\asheep</Filter>
    </ClCompile>
    <ClCompile Include="..\..\asheep\dlls\asheep\basemonsterwithichthyosaurai.cpp">
      <Filter>Source Files\asheep</Filter>
    </ClCompile>
    <ClCompile Include="..\..\asheep\dlls\asheep\basemonsterwithichthyosaurai_constants.cpp">
      <Filter>Source Files\asheep</Filter>
    </ClCompile>
    <ClCompile Include="..\..\asheep\dlls\asheep\basemonsterwithsnarkai.cpp">
      <Filter>Source Files\asheep</Filter>
    </ClCompile>
    <ClCompile Include="..\..\asheep\dlls\asheep\basemonsterwithzombieai.cpp">
      <Filter>Source Files\asheep</Filter>
    </ClCompile>
    <ClCompile Include="..\..\asheep\dlls\asheep\basemonsterwithzombieai_util.cpp">
      <Filter>Source Files\asheep</Filter>
    </ClCompile>
    <ClCompile Include="..\..\asheep\dlls\asheep\baseweaponarwithgrenadelauncher.cpp">
      <Filter>Source Files\asheep</Filter>
    </ClCompile>
    <ClCompile Include="..\..\asheep\dlls\asheep\baseweapongrenade.cpp">
      <Filter>Source Files\asheep</Filter>
    </ClCompile>
    <ClCompile Include="..\..\asheep\dlls\asheep\baseweaponmelee.cpp">
      <Filter>Source Files\asheep</Filter>
    </ClCompile>
    <ClCompile Include="..\..\asheep\dlls\asheep\baseweaponpistol.cpp">
      <Filter>Source Files\asheep</Filter>
    </ClCompile>
    <ClCompile Include="..\..\asheep\dlls\asheep\baseweaponshotgun.cpp">
      <Filter>Source Files\asheep</Filter>
    </ClCompile>
    <ClCompile Include="..\..\asheep\dlls\asheep\baseweaponwiththrowablemonster.cpp">
      <Filter>Source Files\asheep</Filter>
    </ClCompile>
    <ClCompile Include="..\..\asheep\dlls\asheep\beretta.cpp">
      <Filter>Source Files\asheep</Filter>
    </ClCompile>
    <ClCompile Include="..\..\asheep\dlls\asheep\bodypart.cpp">
      <Filter>Source Files\asheep</Filter>
    </ClCompile>
    <ClCompile Include="..\..\asheep\dlls\asheep\combat_tactics.cpp">
      <Filter>Source Files\asheep</Filter>
    </ClCompile>
    <ClCompile Include="..\..\asheep\dlls\asheep\dead_actor.cpp">
      <Filter>Source Files\asheep</Filter>
    </ClCompile>
    <ClCompile Include="..\..\asheep\dlls\asheep\dead_barney.cpp">
      <Filter>Source Files\asheep</Filter>
    </ClCompile>
    <ClCompile Include="..\..\asheep\dlls\asheep\dead_barniel.cpp">
      <Filter>Source Files\asheep</Filter>
    </ClCompile>
    <ClCompile Include="..\..\asheep\dlls\asheep\dead_gordon.cpp">
      <Filter>Source Files\asheep</Filter>
    </ClCompile>
    <ClCompile Include="..\..\asheep\dlls\asheep\dead_hevbarney.cpp">
      <Filter>Source Files\asheep</Filter>
    </ClCompile>
    <ClCompile Include="..\..\asheep\dlls\asheep\dead_hgrunt.cpp">
      <Filter>Source Files\asheep</Filter>
    </ClCompile>
    <ClCompile Include="..\..\asheep\dlls\asheep\dead_scientist.cpp">
      <Filter>Source Files\asheep</Filter>
    </ClCompile>
    <ClCompile Include="..\..\asheep\dlls\asheep\dead_spforce.cpp">
      <Filter>Source Files\asheep</Filter>
    </ClCompile>
    <ClCompile Include="..\..\asheep\dlls\asheep\dead_worker.cpp">
      <Filter>Source Files\asheep</Filter>
    </ClCompile>
    <ClCompile Include="..\..\asheep\dlls\asheep\exp_alien_slave.cpp">
      <Filter>Source Files\asheep</Filter>
    </ClCompile>
    <ClCompile Include="..\..\asheep\dlls\asheep\garbage.cpp">
      <Filter>Source Files\asheep</Filter>
    </ClCompile>
    <ClCompile Include="..\..\asheep\dlls\asheep\gordon.cpp">
      <Filter>Source Files\asheep</Filter>
    </ClCompile>
    <ClCompile Include="..\..\asheep\dlls\asheep\hev_mediator.cpp">
      <Filter>Source Files\asheep</Filter>
    </ClCompile>
    <ClCompile Include="..\..\asheep\dlls\asheep\hevbarney.cpp">
      <Filter>Source Files\asheep</Filter>
    </ClCompile>
    <ClCompile Include="..\..\asheep\dlls\asheep\hgruntrepel.cpp">
      <Filter>Source Files\asheep</Filter>
    </ClCompile>
    <ClCompile Include="..\..\asheep\dlls\asheep\hterror.cpp">
      <Filter>Source Files\asheep</Filter>
    </ClCompile>
    <ClCompile Include="..\..\asheep\dlls\asheep\kate.cpp">
      <Filter>Source Files\asheep</Filter>
    </ClCompile>
    <ClCompile Include="..\..\asheep\dlls\asheep\kmedkit.cpp">
      <Filter>Source Files\asheep</Filter>
    </ClCompile>
    <ClCompile Include="..\..\asheep\dlls\asheep\myself.cpp">
      <Filter>Source Files\asheep</Filter>
    </ClCompile>
    <ClCompile Include="..\..\asheep\dlls\asheep\panther.cpp">
      <Filter>Source Files\asheep</Filter>
    </ClCompile>
    <ClCompile Include="..\..\asheep\dlls\asheep\player_utils.cpp">
      <Filter>Source Files\asheep</Filter>
    </ClCompile>
    <ClCompile Include="..\..\asheep\dlls\asheep\poolstick.cpp">
      <Filter>Source Files\asheep</Filter>
    </ClCompile>
    <ClCompile Include="..\..\asheep\dlls\asheep\spawnereffect.cpp">
      <Filter>Source Files\asheep</Filter>
    </ClCompile>
    <ClCompile Include="..\..\asheep\dlls\asheep\spforce.cpp">
      <Filter>Source Files\asheep</Filter>
    </ClCompile>
    <ClCompile Include="..\..\asheep\dlls\asheep\spforcerepel.cpp">
      <Filter>Source Files\asheep</Filter>
    </ClCompile>
    <ClCompile Include="..\..\asheep\dlls\asheep\squadmonsterwithhgruntai.cpp">
      <Filter>Source Files\asheep</Filter>
    </ClCompile>
    <ClCompile Include="..\..\asheep\dlls\asheep\squadmonsterwithhgruntai_util.cpp">
      <Filter>Source Files\asheep</Filter>
    </ClCompile>
    <ClCompile Include="..\..\asheep\dlls\asheep\squadmonsterwithislaveai.cpp">
      <Filter>Source Files\asheep</Filter>
    </ClCompile>
    <ClCompile Include="..\..\asheep\dlls\asheep\squadmonsterwithislaveai_util.cpp">
      <Filter>Source Files\asheep</Filter>
    </ClCompile>
    <ClCompile Include="..\..\asheep\dlls\asheep\talkmonsterwithbarneyai.cpp">
      <Filter>Source Files\asheep</Filter>
    </ClCompile>
    <ClCompile Include="..\..\asheep\dlls\asheep\talkmonsterwithbarneyai_util.cpp">
      <Filter>Source Files\asheep</Filter>
    </ClCompile>
    <ClCompile Include="..\..\asheep\dlls\asheep\talkmonsterwithscientistai.cpp">
      <Filter>Source Files\asheep</Filter>
    </ClCompile>
    <ClCompile Include="..\..\asheep\dlls\asheep\toad.cpp">
      <Filter>Source Files\asheep</Filter>
    </ClCompile>
    <ClCompile Include="..\..\asheep\dlls\asheep\toadweapon.cpp">
      <Filter>Source Files\asheep</Filter>
    </ClCompile>
    <ClCompile Include="..\..\asheep\dlls\asheep\toadweaponmonster.cpp">
      <Filter>Source Files\asheep</Filter>
    </ClCompile>
    <ClCompile Include="..\..\asheep\dlls\asheep\weapon_util.cpp">
      <Filter>Source Files\asheep</Filter>
    </ClCompile>
    <ClCompile Include="..\..\asheep\dlls\asheep\worker.cpp">
      <Filter>Source Files\asheep</Filter>
    </ClCompile>
    <ClCompile Include="..\..\asheep\dlls\asheep\zombie_barney.cpp">
      <Filter>Source Files\asheep</Filter>
    </ClCompile>
  </ItemGroup>
  <ItemGroup>
    <ClInclude Include="..\..\asheep\dlls\activity.h">
      <Filter>Source Files</Filter>
    </ClInclude>
    <ClInclude Include="..\..\asheep\dlls\activitymap.h">
      <Filter>Source Files</Filter>
    </ClInclude>
    <ClInclude Include="..\..\asheep\dlls\animation.h">
      <Filter>Source Files</Filter>
    </ClInclude>
    <ClInclude Include="..\..\asheep\dlls\basemonster.h">
      <Filter>Source Files</Filter>
    </ClInclude>
    <ClInclude Include="..\..\asheep\dlls\cbase.h">
      <Filter>Source Files</Filter>
    </ClInclude>
    <ClInclude Include="..\..\asheep\dlls\cdll_dll.h">
      <Filter>Source Files</Filter>
    </ClInclude>
    <ClInclude Include="..\..\asheep\dlls\client.h">
      <Filter>Source Files</Filter>
    </ClInclude>
    <ClInclude Include="..\..\asheep\dlls\decals.h">
      <Filter>Source Files</Filter>
    </ClInclude>
    <ClInclude Include="..\..\asheep\dlls\defaultai.h">
      <Filter>Source Files</Filter>
    </ClInclude>
    <ClInclude Include="..\..\asheep\dlls\doors.h">
      <Filter>Source Files</Filter>
    </ClInclude>
    <ClInclude Include="..\..\asheep\dlls\effects.h">
      <Filter>Source Files</Filter>
    </ClInclude>
    <ClInclude Include="..\..\engine\eiface.h">
      <Filter>Source Files</Filter>
    </ClInclude>
    <ClInclude Include="..\..\asheep\dlls\enginecallback.h">
      <Filter>Source Files</Filter>
    </ClInclude>
    <ClInclude Include="..\..\asheep\dlls\explode.h">
      <Filter>Source Files</Filter>
    </ClInclude>
    <ClInclude Include="..\..\asheep\dlls\extdll.h">
      <Filter>Source Files</Filter>
    </ClInclude>
    <ClInclude Include="..\..\asheep\dlls\flyingmonster.h">
      <Filter>Source Files</Filter>
    </ClInclude>
    <ClInclude Include="..\..\asheep\dlls\func_break.h">
      <Filter>Source Files</Filter>
    </ClInclude>
    <ClInclude Include="..\..\asheep\dlls\gamerules.h">
      <Filter>Source Files</Filter>
    </ClInclude>
    <ClInclude Include="..\..\asheep\dlls\hornet.h">
      <Filter>Source Files</Filter>
    </ClInclude>
    <ClInclude Include="..\..\asheep\dlls\items.h">
      <Filter>Source Files</Filter>
    </ClInclude>
    <ClInclude Include="..\..\asheep\dlls\monsterevent.h">
      <Filter>Source Files</Filter>
    </ClInclude>
    <ClInclude Include="..\..\asheep\dlls\monsters.h">
      <Filter>Source Files</Filter>
    </ClInclude>
    <ClInclude Include="..\..\asheep\dlls\nodes.h">
      <Filter>Source Files</Filter>
    </ClInclude>
    <ClInclude Include="..\..\asheep\dlls\plane.h">
      <Filter>Source Files</Filter>
    </ClInclude>
    <ClInclude Include="..\..\asheep\dlls\player.h">
      <Filter>Source Files</Filter>
    </ClInclude>
    <ClInclude Include="..\..\asheep\pm_shared\pm_debug.h">
      <Filter>Source Files</Filter>
    </ClInclude>
    <ClInclude Include="..\..\asheep\pm_shared\pm_defs.h">
      <Filter>Source Files</Filter>
    </ClInclude>
    <ClInclude Include="..\..\asheep\pm_shared\pm_info.h">
      <Filter>Source Files</Filter>
    </ClInclude>
    <ClInclude Include="..\..\asheep\pm_shared\pm_materials.h">
      <Filter>Source Files</Filter>
    </ClInclude>
    <ClInclude Include="..\..\asheep\pm_shared\pm_movevars.h">
      <Filter>Source Files</Filter>
    </ClInclude>
    <ClInclude Include="..\..\asheep\pm_shared\pm_shared.h">
      <Filter>Source Files</Filter>
    </ClInclude>
    <ClInclude Include="..\..\asheep\dlls\saverestore.h">
      <Filter>Source Files</Filter>
    </ClInclude>
    <ClInclude Include="..\..\asheep\dlls\schedule.h">
      <Filter>Source Files</Filter>
    </ClInclude>
    <ClInclude Include="..\..\asheep\dlls\scripted.h">
      <Filter>Source Files</Filter>
    </ClInclude>
    <ClInclude Include="..\..\asheep\dlls\scriptevent.h">
      <Filter>Source Files</Filter>
    </ClInclude>
    <ClInclude Include="..\..\asheep\dlls\skill.h">
      <Filter>Source Files</Filter>
    </ClInclude>
    <ClInclude Include="..\..\asheep\dlls\soundent.h">
      <Filter>Source Files</Filter>
    </ClInclude>
    <ClInclude Include="..\..\asheep\dlls\spectator.h">
      <Filter>Source Files</Filter>
    </ClInclude>
    <ClInclude Include="..\..\asheep\dlls\squadmonster.h">
      <Filter>Source Files</Filter>
    </ClInclude>
    <ClInclude Include="..\..\asheep\dlls\talkmonster.h">
      <Filter>Source Files</Filter>
    </ClInclude>
    <ClInclude Include="..\..\asheep\dlls\teamplay_gamerules.h">
      <Filter>Source Files</Filter>
    </ClInclude>
    <ClInclude Include="..\..\asheep\dlls\trains.h">
      <Filter>Source Files</Filter>
    </ClInclude>
    <ClInclude Include="..\..\asheep\dlls\util.h">
      <Filter>Source Files</Filter>
    </ClInclude>
    <ClInclude Include="..\..\asheep\dlls\vector.h">
      <Filter>Source Files</Filter>
    </ClInclude>
    <ClInclude Include="..\..\asheep\dlls\weapons.h">
      <Filter>Source Files</Filter>
    </ClInclude>
    <ClInclude Include="..\..\asheep\dlls\asheep\asheep_globals.h">
      <Filter>Source Files\asheep</Filter>
    </ClInclude>
    <ClInclude Include="..\..\asheep\dlls\asheep\asheep_map_fixes.h">
      <Filter>Source Files\asheep</Filter>
    </ClInclude>
    <ClInclude Include="..\..\asheep\dlls\asheep\asheep_messages.h">
      <Filter>Source Files\asheep</Filter>
    </ClInclude>
    <ClInclude Include="..\..\asheep\dlls\asheep\asheep_serverside_utils.h">
      <Filter>Source Files\asheep</Filter>
    </ClInclude>
    <ClInclude Include="..\..\asheep\dlls\asheep\basemonsterrepel.h">
      <Filter>Source Files\asheep</Filter>
    </ClInclude>
    <ClInclude Include="..\..\asheep\dlls\asheep\basemonsterwithheadcrabai.h">
      <Filter>Source Files\asheep</Filter>
    </ClInclude>
    <ClInclude Include="..\..\asheep\dlls\asheep\basemonsterwithichthyosaurai.h">
      <Filter>Source Files\asheep</Filter>
    </ClInclude>
    <ClInclude Include="..\..\asheep\dlls\asheep\basemonsterwithichthyosaurai_constants.h">
      <Filter>Source Files\asheep</Filter>
    </ClInclude>
    <ClInclude Include="..\..\asheep\dlls\asheep\basemonsterwithsnarkai.h">
      <Filter>Source Files\asheep</Filter>
    </ClInclude>
    <ClInclude Include="..\..\asheep\dlls\asheep\basemonsterwithzombieai.h">
      <Filter>Source Files\asheep</Filter>
    </ClInclude>
    <ClInclude Include="..\..\asheep\dlls\asheep\basemonsterwithzombieai_util.h">
      <Filter>Source Files\asheep</Filter>
    </ClInclude>
    <ClInclude Include="..\..\asheep\dlls\asheep\baseweaponarwithgrenadelauncher.h">
      <Filter>Source Files\asheep</Filter>
    </ClInclude>
    <ClInclude Include="..\..\asheep\dlls\asheep\baseweapongrenade.h">
      <Filter>Source Files\asheep</Filter>
    </ClInclude>
    <ClInclude Include="..\..\asheep\dlls\asheep\baseweaponmelee.h">
      <Filter>Source Files\asheep</Filter>
    </ClInclude>
    <ClInclude Include="..\..\asheep\dlls\asheep\baseweaponpistol.h">
      <Filter>Source Files\asheep</Filter>
    </ClInclude>
    <ClInclude Include="..\..\asheep\dlls\asheep\baseweaponshotgun.h">
      <Filter>Source Files\asheep</Filter>
    </ClInclude>
    <ClInclude Include="..\..\asheep\dlls\asheep\baseweaponwiththrowablemonster.h">
      <Filter>Source Files\asheep</Filter>
    </ClInclude>
    <ClInclude Include="..\..\asheep\dlls\asheep\combat_tactics.h">
      <Filter>Source Files\asheep</Filter>
    </ClInclude>
    <ClInclude Include="..\..\asheep\dlls\asheep\dead_actor.h">
      <Filter>Source Files\asheep</Filter>
    </ClInclude>
    <ClInclude Include="..\..\asheep\dlls\asheep\hev_mediator.h">
      <Filter>Source Files\asheep</Filter>
    </ClInclude>
    <ClInclude Include="..\..\asheep\dlls\asheep\hgrunt.h">
      <Filter>Source Files\asheep</Filter>
    </ClInclude>
    <ClInclude Include="..\..\asheep\dlls\asheep\player_utils.h">
      <Filter>Source Files\asheep</Filter>
    </ClInclude>
    <ClInclude Include="..\..\asheep\dlls\asheep\rat.h">
      <Filter>Source Files\asheep</Filter>
    </ClInclude>
    <ClInclude Include="..\..\asheep\dlls\asheep\scientist.h">
      <Filter>Source Files\asheep</Filter>
    </ClInclude>
    <ClInclude Include="..\..\asheep\dlls\asheep\spawnereffect.h">
      <Filter>Source Files\asheep</Filter>
    </ClInclude>
    <ClInclude Include="..\..\asheep\dlls\asheep\spforce.h">
      <Filter>Source Files\asheep</Filter>
    </ClInclude>
    <ClInclude Include="..\..\asheep\dlls\asheep\squadmonsterwithhgruntai.h">
      <Filter>Source Files\asheep</Filter>
    </ClInclude>
    <ClInclude Include="..\..\asheep\dlls\asheep\squadmonsterwithhgruntai_util.h">
      <Filter>Source Files\asheep</Filter>
    </ClInclude>
    <ClInclude Include="..\..\asheep\dlls\asheep\squadmonsterwithislaveai.h">
      <Filter>Source Files\asheep</Filter>
    </ClInclude>
    <ClInclude Include="..\..\asheep\dlls\asheep\squadmonsterwithislaveai_util.h">
      <Filter>Source Files\asheep</Filter>
    </ClInclude>
    <ClInclude Include="..\..\asheep\dlls\asheep\talkmonsterwithbarneyai.h">
      <Filter>Source Files\asheep</Filter>
    </ClInclude>
    <ClInclude Include="..\..\asheep\dlls\asheep\talkmonsterwithbarneyai_util.h">
      <Filter>Source Files\asheep</Filter>
    </ClInclude>
    <ClInclude Include="..\..\asheep\dlls\asheep\talkmonsterwithscientistai.h">
      <Filter>Source Files\asheep</Filter>
    </ClInclude>
    <ClInclude Include="..\..\asheep\dlls\asheep\toadweaponmonster.h">
      <Filter>Source Files\asheep</Filter>
    </ClInclude>
    <ClInclude Include="..\..\asheep\dlls\asheep\weapon_util.h">
      <Filter>Source Files\asheep</Filter>
    </ClInclude>
    <ClInclude Include="..\..\asheep\dlls\asheep\weaponinterface.h">
      <Filter>Source Files\asheep</Filter>
    </ClInclude>
  </ItemGroup>
  <ItemGroup>
    <Filter Include="Source Files">
      <UniqueIdentifier>{63af76c8-4481-426f-a6ff-85b0fa9d53ad}</UniqueIdentifier>
    </Filter>
    <Filter Include="Source Files\asheep">
      <UniqueIdentifier>{3c9a8c1b-0265-4064-b032-3ad34f8a835f}</UniqueIdentifier>
    </Filter>
  </ItemGroup>
</Project>