<?xml version="1.0" encoding="utf-8"?>
<Project ToolsVersion="4.0" xmlns="http://schemas.microsoft.com/developer/msbuild/2003">
  <ItemGroup>
    <ClCompile Include="..\..\asheep\dlls\asheep\9mmm41a.cpp">
      <Filter>Source Files\_hl\dlls\asheep</Filter>
    </ClCompile>
    <ClCompile Include="..\..\asheep\dlls\asheep\barney9mmar.cpp">
      <Filter>Source Files\_hl\dlls\asheep</Filter>
    </ClCompile>
    <ClCompile Include="..\..\asheep\dlls\asheep\barney9mmhg.cpp">
      <Filter>Source Files\_hl\dlls\asheep</Filter>
    </ClCompile>
    <ClCompile Include="..\..\asheep\dlls\asheep\barneyhandgrenade.cpp">
      <Filter>Source Files\_hl\dlls\asheep</Filter>
    </ClCompile>
    <ClCompile Include="..\..\asheep\dlls\asheep\barneyshotgun.cpp">
      <Filter>Source Files\_hl\dlls\asheep</Filter>
    </ClCompile>
    <ClCompile Include="..\..\asheep\dlls\asheep\beretta.cpp">
      <Filter>Source Files\_hl\dlls\asheep</Filter>
    </ClCompile>
    <ClCompile Include="..\..\asheep\dlls\asheep\kmedkit.cpp">
      <Filter>Source Files\_hl\dlls\asheep</Filter>
    </ClCompile>
    <ClCompile Include="..\..\asheep\dlls\asheep\poolstick.cpp">
      <Filter>Source Files\_hl\dlls\asheep</Filter>
    </ClCompile>
    <ClCompile Include="..\..\asheep\dlls\asheep\toadweapon.cpp">
      <Filter>Source Files\_hl\dlls\asheep</Filter>
    </ClCompile>
    <ClCompile Include="..\..\asheep\dlls\asheep\baseweaponarwithgrenadelauncher.cpp">
      <Filter>Source Files\_hl\dlls\asheep</Filter>
    </ClCompile>
    <ClCompile Include="..\..\asheep\dlls\asheep\baseweapongrenade.cpp">
      <Filter>Source Files\_hl\dlls\asheep</Filter>
    </ClCompile>
    <ClCompile Include="..\..\asheep\dlls\asheep\baseweaponmelee.cpp">
      <Filter>Source Files\_hl\dlls\asheep</Filter>
    </ClCompile>
    <ClCompile Include="..\..\asheep\dlls\asheep\baseweaponpistol.cpp">
      <Filter>Source Files\_hl\dlls\asheep</Filter>
    </ClCompile>
    <ClCompile Include="..\..\asheep\dlls\asheep\baseweaponshotgun.cpp">
      <Filter>Source Files\_hl\dlls\asheep</Filter>
    </ClCompile>
    <ClCompile Include="..\..\asheep\dlls\asheep\baseweaponwiththrowablemonster.cpp">
      <Filter>Source Files\_hl\dlls\asheep</Filter>
    </ClCompile>
    <ClCompile Include="..\..\asheep\dlls\asheep\asheep_weapons.cpp">
      <Filter>Source Files\_hl\dlls\asheep</Filter>
    </ClCompile>
    <ClCompile Include="..\..\asheep\dlls\asheep\weapon_util.cpp">
      <Filter>Source Files\_hl\dlls\asheep</Filter>
    </ClCompile>
    <ClCompile Include="..\..\public\interface.cpp">
      <Filter>Source Files\public</Filter>
    </ClCompile>
    <ClCompile Include="..\..\asheep\pm_shared\pm_debug.c">
      <Filter>Source Files\pm_shared</Filter>
    </ClCompile>
    <ClCompile Include="..\..\asheep\pm_shared\pm_math.c">
      <Filter>Source Files\pm_shared</Filter>
    </ClCompile>
    <ClCompile Include="..\..\asheep\pm_shared\pm_shared.c">
      <Filter>Source Files\pm_shared</Filter>
    </ClCompile>
    <ClCompile Include="..\..\asheep\cl_dll\hl\hl_weapons.cpp">
      <Filter>Source Files\_hl\cl_dll\hl</Filter>
    </ClCompile>
    <ClCompile Include="..\..\asheep\cl_dll\hl\hl_baseentity.cpp">
      <Filter>Source Files\_hl\cl_dll\hl</Filter>
    </ClCompile>
    <ClCompile Include="..\..\asheep\cl_dll\hl\hl_events.cpp">
      <Filter>Source Files\_hl\cl_dll\hl</Filter>
    </ClCompile>
    <ClCompile Include="..\..\asheep\cl_dll\hl\hl_objects.cpp">
      <Filter>Source Files\_hl\cl_dll\hl</Filter>
    </ClCompile>
    <ClCompile Include="..\..\asheep\dlls\wpn_shared\hl_wpn_glock.cpp">
      <Filter>Source Files\_hl\dlls\wpn_shared</Filter>
    </ClCompile>
    <ClCompile Include="..\..\asheep\dlls\crossbow.cpp">
      <Filter>Source Files\_hl\dlls</Filter>
    </ClCompile>
    <ClCompile Include="..\..\asheep\dlls\crowbar.cpp">
      <Filter>Source Files\_hl\dlls</Filter>
    </ClCompile>
    <ClCompile Include="..\..\asheep\dlls\egon.cpp">
      <Filter>Source Files\_hl\dlls</Filter>
    </ClCompile>
    <ClCompile Include="..\..\asheep\dlls\handgrenade.cpp">
      <Filter>Source Files\_hl\dlls</Filter>
    </ClCompile>
    <ClCompile Include="..\..\asheep\dlls\hornetgun.cpp">
      <Filter>Source Files\_hl\dlls</Filter>
    </ClCompile>
    <ClCompile Include="..\..\asheep\dlls\gauss.cpp">
      <Filter>Source Files\_hl\dlls</Filter>
    </ClCompile>
    <ClCompile Include="..\..\asheep\dlls\mp5.cpp">
      <Filter>Source Files\_hl\dlls</Filter>
    </ClCompile>
    <ClCompile Include="..\..\asheep\dlls\rpg.cpp">
      <Filter>Source Files\_hl\dlls</Filter>
    </ClCompile>
    <ClCompile Include="..\..\asheep\dlls\satchel.cpp">
      <Filter>Source Files\_hl\dlls</Filter>
    </ClCompile>
    <ClCompile Include="..\..\asheep\dlls\shotgun.cpp">
      <Filter>Source Files\_hl\dlls</Filter>
    </ClCompile>
    <ClCompile Include="..\..\asheep\dlls\squeakgrenade.cpp">
      <Filter>Source Files\_hl\dlls</Filter>
    </ClCompile>
    <ClCompile Include="..\..\asheep\dlls\tripmine.cpp">
      <Filter>Source Files\_hl\dlls</Filter>
    </ClCompile>
    <ClCompile Include="..\..\game_shared\vgui_checkbutton2.cpp">
      <Filter>Source Files\game_shared</Filter>
    </ClCompile>
    <ClCompile Include="..\..\game_shared\vgui_grid.cpp">
      <Filter>Source Files\game_shared</Filter>
    </ClCompile>
    <ClCompile Include="..\..\game_shared\vgui_helpers.cpp">
      <Filter>Source Files\game_shared</Filter>
    </ClCompile>
    <ClCompile Include="..\..\game_shared\vgui_listbox.cpp">
      <Filter>Source Files\game_shared</Filter>
    </ClCompile>
    <ClCompile Include="..\..\game_shared\vgui_loadtga.cpp">
      <Filter>Source Files\game_shared</Filter>
    </ClCompile>
    <ClCompile Include="..\..\game_shared\vgui_scrollbar2.cpp">
      <Filter>Source Files\game_shared</Filter>
    </ClCompile>
    <ClCompile Include="..\..\game_shared\vgui_slider2.cpp">
      <Filter>Source Files\game_shared</Filter>
    </ClCompile>
    <ClCompile Include="..\..\game_shared\voice_banmgr.cpp">
      <Filter>Source Files\game_shared</Filter>
    </ClCompile>
    <ClCompile Include="..\..\common\parsemsg.cpp">
      <Filter>Source Files\common</Filter>
    </ClCompile>
    <ClCompile Include="..\..\asheep\cl_dll\ammo.cpp">
      <Filter>Source Files\cl_dll</Filter>
    </ClCompile>
    <ClCompile Include="..\..\asheep\cl_dll\ammo_secondary.cpp">
      <Filter>Source Files\cl_dll</Filter>
    </ClCompile>
    <ClCompile Include="..\..\asheep\cl_dll\ammohistory.cpp">
      <Filter>Source Files\cl_dll</Filter>
    </ClCompile>
    <ClCompile Include="..\..\asheep\cl_dll\battery.cpp">
      <Filter>Source Files\cl_dll</Filter>
    </ClCompile>
    <ClCompile Include="..\..\asheep\cl_dll\cdll_int.cpp">
      <Filter>Source Files\cl_dll</Filter>
    </ClCompile>
    <ClCompile Include="..\..\asheep\cl_dll\com_weapons.cpp">
      <Filter>Source Files\cl_dll</Filter>
    </ClCompile>
    <ClCompile Include="..\..\asheep\cl_dll\death.cpp">
      <Filter>Source Files\cl_dll</Filter>
    </ClCompile>
    <ClCompile Include="..\..\asheep\cl_dll\demo.cpp">
      <Filter>Source Files\cl_dll</Filter>
    </ClCompile>
    <ClCompile Include="..\..\asheep\cl_dll\entity.cpp">
      <Filter>Source Files\cl_dll</Filter>
    </ClCompile>
    <ClCompile Include="..\..\asheep\cl_dll\ev_common.cpp">
      <Filter>Source Files\cl_dll</Filter>
    </ClCompile>
    <ClCompile Include="..\..\asheep\cl_dll\ev_hldm.cpp">
      <Filter>Source Files\cl_dll</Filter>
    </ClCompile>
    <ClCompile Include="..\..\asheep\cl_dll\events.cpp">
      <Filter>Source Files\cl_dll</Filter>
    </ClCompile>
    <ClCompile Include="..\..\asheep\cl_dll\flashlight.cpp">
      <Filter>Source Files\cl_dll</Filter>
    </ClCompile>
    <ClCompile Include="..\..\asheep\cl_dll\GameStudioModelRenderer.cpp">
      <Filter>Source Files\cl_dll</Filter>
    </ClCompile>
    <ClCompile Include="..\..\asheep\cl_dll\geiger.cpp">
      <Filter>Source Files\cl_dll</Filter>
    </ClCompile>
    <ClCompile Include="..\..\asheep\cl_dll\health.cpp">
      <Filter>Source Files\cl_dll</Filter>
    </ClCompile>
    <ClCompile Include="..\..\asheep\cl_dll\hud.cpp">
      <Filter>Source Files\cl_dll</Filter>
    </ClCompile>
    <ClCompile Include="..\..\asheep\cl_dll\hud_bench.cpp">
      <Filter>Source Files\cl_dll</Filter>
    </ClCompile>
    <ClCompile Include="..\..\asheep\cl_dll\hud_benchtrace.cpp">
      <Filter>Source Files\cl_dll</Filter>
    </ClCompile>
    <ClCompile Include="..\..\asheep\cl_dll\hud_msg.cpp">
      <Filter>Source Files\cl_dll</Filter>
    </ClCompile>
    <ClCompile Include="..\..\asheep\cl_dll\hud_redraw.cpp">
      <Filter>Source Files\cl_dll</Filter>
    </ClCompile>
    <ClCompile Include="..\..\asheep\cl_dll\hud_servers.cpp">
      <Filter>Source Files\cl_dll</Filter>
    </ClCompile>
    <ClCompile Include="..\..\asheep\cl_dll\hud_spectator.cpp">
      <Filter>Source Files\cl_dll</Filter>
    </ClCompile>
    <ClCompile Include="..\..\asheep\cl_dll\hud_update.cpp">
      <Filter>Source Files\cl_dll</Filter>
    </ClCompile>
    <ClCompile Include="..\..\asheep\cl_dll\in_camera.cpp">
      <Filter>Source Files\cl_dll</Filter>
    </ClCompile>
    <ClCompile Include="..\..\asheep\cl_dll\input.cpp">
      <Filter>Source Files\cl_dll</Filter>
    </ClCompile>
    <ClCompile Include="..\..\asheep\cl_dll\inputw32.cpp">
      <Filter>Source Files\cl_dll</Filter>
    </ClCompile>
    <ClCompile Include="..\..\asheep\cl_dll\interpolation.cpp">
      <Filter>Source Files\cl_dll</Filter>
    </ClCompile>
    <ClCompile Include="..\..\asheep\cl_dll\menu.cpp">
      <Filter>Source Files\cl_dll</Filter>
    </ClCompile>
    <ClCompile Include="..\..\asheep\cl_dll\message.cpp">
      <Filter>Source Files\cl_dll</Filter>
    </ClCompile>
    <ClCompile Include="..\..\asheep\dlls\python.cpp">
      <Filter>Source Files\cl_dll</Filter>
    </ClCompile>
    <ClCompile Include="..\..\asheep\cl_dll\saytext.cpp">
      <Filter>Source Files\cl_dll</Filter>
    </ClCompile>
    <ClCompile Include="..\..\asheep\cl_dll\status_icons.cpp">
      <Filter>Source Files\cl_dll</Filter>
    </ClCompile>
    <ClCompile Include="..\..\asheep\cl_dll\statusbar.cpp">
      <Filter>Source Files\cl_dll</Filter>
    </ClCompile>
    <ClCompile Include="..\..\asheep\cl_dll\studio_util.cpp">
      <Filter>Source Files\cl_dll</Filter>
    </ClCompile>
    <ClCompile Include="..\..\asheep\cl_dll\StudioModelRenderer.cpp">
      <Filter>Source Files\cl_dll</Filter>
    </ClCompile>
    <ClCompile Include="..\..\asheep\cl_dll\text_message.cpp">
      <Filter>Source Files\cl_dll</Filter>
    </ClCompile>
    <ClCompile Include="..\..\asheep\cl_dll\train.cpp">
      <Filter>Source Files\cl_dll</Filter>
    </ClCompile>
    <ClCompile Include="..\..\asheep\cl_dll\tri.cpp">
      <Filter>Source Files\cl_dll</Filter>
    </ClCompile>
    <ClCompile Include="..\..\asheep\cl_dll\util.cpp">
      <Filter>Source Files\cl_dll</Filter>
    </ClCompile>
    <ClCompile Include="..\..\asheep\cl_dll\vgui_ClassMenu.cpp">
      <Filter>Source Files\cl_dll</Filter>
    </ClCompile>
    <ClCompile Include="..\..\asheep\cl_dll\vgui_ControlConfigPanel.cpp">
      <Filter>Source Files\cl_dll</Filter>
    </ClCompile>
    <ClCompile Include="..\..\asheep\cl_dll\vgui_CustomObjects.cpp">
      <Filter>Source Files\cl_dll</Filter>
    </ClCompile>
    <ClCompile Include="..\..\asheep\cl_dll\vgui_int.cpp">
      <Filter>Source Files\cl_dll</Filter>
    </ClCompile>
    <ClCompile Include="..\..\asheep\cl_dll\vgui_MOTDWindow.cpp">
      <Filter>Source Files\cl_dll</Filter>
    </ClCompile>
    <ClCompile Include="..\..\asheep\cl_dll\vgui_SchemeManager.cpp">
      <Filter>Source Files\cl_dll</Filter>
    </ClCompile>
    <ClCompile Include="..\..\asheep\cl_dll\vgui_ScorePanel.cpp">
      <Filter>Source Files\cl_dll</Filter>
    </ClCompile>
    <ClCompile Include="..\..\asheep\cl_dll\vgui_ServerBrowser.cpp">
      <Filter>Source Files\cl_dll</Filter>
    </ClCompile>
    <ClCompile Include="..\..\asheep\cl_dll\vgui_SpectatorPanel.cpp">
      <Filter>Source Files\cl_dll</Filter>
    </ClCompile>
    <ClCompile Include="..\..\asheep\cl_dll\vgui_TeamFortressViewport.cpp">
      <Filter>Source Files\cl_dll</Filter>
    </ClCompile>
    <ClCompile Include="..\..\asheep\cl_dll\vgui_teammenu.cpp">
      <Filter>Source Files\cl_dll</Filter>
    </ClCompile>
    <ClCompile Include="..\..\asheep\cl_dll\view.cpp">
      <Filter>Source Files\cl_dll</Filter>
    </ClCompile>
    <ClCompile Include="..\..\asheep\cl_dll\voice_status.cpp">
      <Filter>Source Files\cl_dll</Filter>
    </ClCompile>
  </ItemGroup>
  <ItemGroup>
    <ClInclude Include="..\..\common\parsemsg.h">
      <Filter>Header Files\common</Filter>
    </ClInclude>
    <ClInclude Include="..\..\game_shared\vgui_scrollbar2.h">
      <Filter>Header Files\game_shared</Filter>
    </ClInclude>
    <ClInclude Include="..\..\game_shared\vgui_slider2.h">
      <Filter>Header Files\game_shared</Filter>
    </ClInclude>
    <ClInclude Include="..\..\game_shared\voice_banmgr.h">
      <Filter>Header Files\game_shared</Filter>
    </ClInclude>
    <ClInclude Include="..\..\game_shared\voice_status.h">
      <Filter>Header Files\game_shared</Filter>
    </ClInclude>
    <ClInclude Include="..\..\asheep\pm_shared\pm_debug.h">
      <Filter>Header Files\pm_shared</Filter>
    </ClInclude>
    <ClInclude Include="..\..\asheep\pm_shared\pm_defs.h">
      <Filter>Header Files\pm_shared</Filter>
    </ClInclude>
    <ClInclude Include="..\..\asheep\pm_shared\pm_info.h">
      <Filter>Header Files\pm_shared</Filter>
    </ClInclude>
    <ClInclude Include="..\..\asheep\pm_shared\pm_materials.h">
      <Filter>Header Files\pm_shared</Filter>
    </ClInclude>
    <ClInclude Include="..\..\asheep\pm_shared\pm_movevars.h">
      <Filter>Header Files\pm_shared</Filter>
    </ClInclude>
    <ClInclude Include="..\..\asheep\pm_shared\pm_shared.h">
      <Filter>Header Files\pm_shared</Filter>
    </ClInclude>
    <ClInclude Include="..\..\asheep\cl_dll\cl_dll.h">
      <Filter>Header Files\cl_dll</Filter>
    </ClInclude>
    <ClInclude Include="..\..\asheep\cl_dll\cl_util.h">
      <Filter>Header Files\cl_dll</Filter>
    </ClInclude>
    <ClInclude Include="..\..\asheep\cl_dll\camera.h">
      <Filter>Header Files\cl_dll</Filter>
    </ClInclude>
    <ClInclude Include="..\..\asheep\cl_dll\ammohistory.h">
      <Filter>Header Files\cl_dll</Filter>
    </ClInclude>
    <ClInclude Include="..\..\asheep\cl_dll\com_weapons.h">
      <Filter>Header Files\cl_dll</Filter>
    </ClInclude>
    <ClInclude Include="..\..\asheep\cl_dll\demo.h">
      <Filter>Header Files\cl_dll</Filter>
    </ClInclude>
    <ClInclude Include="..\..\asheep\cl_dll\ammo.h">
      <Filter>Header Files\cl_dll</Filter>
    </ClInclude>
    <ClInclude Include="..\..\asheep\cl_dll\ev_hldm.h">
      <Filter>Header Files\cl_dll</Filter>
    </ClInclude>
    <ClInclude Include="..\..\asheep\cl_dll\eventscripts.h">
      <Filter>Header Files\cl_dll</Filter>
    </ClInclude>
    <ClInclude Include="..\..\asheep\cl_dll\wrect.h">
      <Filter>Header Files\cl_dll</Filter>
    </ClInclude>
    <ClInclude Include="..\..\asheep\cl_dll\view.h">
      <Filter>Header Files\cl_dll</Filter>
    </ClInclude>
    <ClInclude Include="..\..\asheep\cl_dll\vgui_ServerBrowser.h">
      <Filter>Header Files\cl_dll</Filter>
    </ClInclude>
    <ClInclude Include="..\..\asheep\cl_dll\vgui_ScorePanel.h">
      <Filter>Header Files\cl_dll</Filter>
    </ClInclude>
    <ClInclude Include="..\..\asheep\cl_dll\vgui_SchemeManager.h">
      <Filter>Header Files\cl_dll</Filter>
    </ClInclude>
    <ClInclude Include="..\..\asheep\cl_dll\vgui_SpectatorPanel.h">
      <Filter>Header Files\cl_dll</Filter>
    </ClInclude>
    <ClInclude Include="..\..\asheep\cl_dll\vgui_int.h">
      <Filter>Header Files\cl_dll</Filter>
    </ClInclude>
    <ClInclude Include="..\..\asheep\cl_dll\util_vector.h">
      <Filter>Header Files\cl_dll</Filter>
    </ClInclude>
    <ClInclude Include="..\..\asheep\cl_dll\interpolation.h">
      <Filter>Header Files\cl_dll</Filter>
    </ClInclude>
    <ClInclude Include="..\..\asheep\cl_dll\in_defs.h">
      <Filter>Header Files\cl_dll</Filter>
    </ClInclude>
    <ClInclude Include="..\..\asheep\cl_dll\hud_servers.h">
      <Filter>Header Files\cl_dll</Filter>
    </ClInclude>
    <ClInclude Include="..\..\asheep\cl_dll\hud_servers_priv.h">
      <Filter>Header Files\cl_dll</Filter>
    </ClInclude>
    <ClInclude Include="..\..\asheep\cl_dll\hud.h">
      <Filter>Header Files\cl_dll</Filter>
    </ClInclude>
    <ClInclude Include="..\..\asheep\cl_dll\health.h">
      <Filter>Header Files\cl_dll</Filter>
    </ClInclude>
    <ClInclude Include="..\..\asheep\cl_dll\hud_spectator.h">
      <Filter>Header Files\cl_dll</Filter>
    </ClInclude>
    <ClInclude Include="..\..\asheep\cl_dll\GameStudioModelRenderer.h">
      <Filter>Header Files\cl_dll</Filter>
    </ClInclude>
    <ClInclude Include="..\..\asheep\cl_dll\StudioModelRenderer.h">
      <Filter>Header Files\cl_dll</Filter>
    </ClInclude>
    <ClInclude Include="..\..\asheep\cl_dll\tri.h">
      <Filter>Header Files\cl_dll</Filter>
    </ClInclude>
    <ClInclude Include="..\..\asheep\cl_dll\vgui_ControlConfigPanel.h">
      <Filter>Header Files\cl_dll</Filter>
    </ClInclude>
    <ClInclude Include="..\..\asheep\cl_dll\kbutton.h">
      <Filter>Header Files\cl_dll</Filter>
    </ClInclude>
    <ClInclude Include="..\..\asheep\dlls\asheep\baseweaponarwithgrenadelauncher.h">
      <Filter>Header Files\dlls\asheep</Filter>
    </ClInclude>
    <ClInclude Include="..\..\asheep\dlls\asheep\baseweapongrenade.h">
      <Filter>Header Files\dlls\asheep</Filter>
    </ClInclude>
    <ClInclude Include="..\..\asheep\dlls\asheep\baseweaponmelee.h">
      <Filter>Header Files\dlls\asheep</Filter>
    </ClInclude>
    <ClInclude Include="..\..\asheep\dlls\asheep\baseweaponpistol.h">
      <Filter>Header Files\dlls\asheep</Filter>
    </ClInclude>
    <ClInclude Include="..\..\asheep\dlls\asheep\baseweaponshotgun.h">
      <Filter>Header Files\dlls\asheep</Filter>
    </ClInclude>
    <ClInclude Include="..\..\asheep\dlls\asheep\baseweaponwiththrowablemonster.h">
      <Filter>Header Files\dlls\asheep</Filter>
    </ClInclude>
    <ClInclude Include="..\..\asheep\dlls\asheep\weaponinterface.h">
      <Filter>Header Files\dlls\asheep</Filter>
    </ClInclude>
    <ClInclude Include="..\..\asheep\dlls\asheep\weapon_util.h">
      <Filter>Header Files\dlls\asheep</Filter>
    </ClInclude>
  </ItemGroup>
  <ItemGroup>
    <Filter Include="Source Files">
      <UniqueIdentifier>{640c7c0a-eecb-4451-9d3f-deb1322f9062}</UniqueIdentifier>
    </Filter>
    <Filter Include="Header Files">
      <UniqueIdentifier>{0956ad7b-ab82-467e-baa7-4b08d05b121b}</UniqueIdentifier>
    </Filter>
    <Filter Include="Header Files\cl_dll">
      <UniqueIdentifier>{6240a3ff-c9f8-499a-bd35-b03087ddeefd}</UniqueIdentifier>
    </Filter>
    <Filter Include="Header Files\common">
      <UniqueIdentifier>{e7d69ecb-f148-4200-9a36-966f133d9936}</UniqueIdentifier>
    </Filter>
    <Filter Include="Header Files\game_shared">
      <UniqueIdentifier>{1f4da59c-19f1-4fa0-90c0-030addc95551}</UniqueIdentifier>
    </Filter>
    <Filter Include="Header Files\pm_shared">
      <UniqueIdentifier>{8b902a49-1edd-4e61-a01b-475e04524629}</UniqueIdentifier>
    </Filter>
    <Filter Include="Source Files\_hl">
      <UniqueIdentifier>{20b96de0-ad23-4eac-abbe-61c7adc525a1}</UniqueIdentifier>
    </Filter>
    <Filter Include="Source Files\cl_dll">
      <UniqueIdentifier>{0947ade4-4c6b-4a3c-9071-afdb18be3372}</UniqueIdentifier>
    </Filter>
    <Filter Include="Source Files\common">
      <UniqueIdentifier>{c74039f2-0bd5-479e-8b84-2069a1163e44}</UniqueIdentifier>
    </Filter>
    <Filter Include="Source Files\game_shared">
      <UniqueIdentifier>{83003c34-016d-4539-9954-cf0b0b317c25}</UniqueIdentifier>
    </Filter>
    <Filter Include="Source Files\pm_shared">
      <UniqueIdentifier>{98b93ff7-2230-4d3a-b911-6c8fd85924c5}</UniqueIdentifier>
    </Filter>
    <Filter Include="Source Files\public">
      <UniqueIdentifier>{2e4eec47-f543-4f88-8988-9d612491eab3}</UniqueIdentifier>
    </Filter>
    <Filter Include="Source Files\_hl\cl_dll">
      <UniqueIdentifier>{f936a62f-bb36-460e-b544-198a18661657}</UniqueIdentifier>
    </Filter>
    <Filter Include="Source Files\_hl\dlls">
      <UniqueIdentifier>{cc6be8ec-b8ac-43f2-97a7-31533cc71a3a}</UniqueIdentifier>
    </Filter>
    <Filter Include="Source Files\_hl\cl_dll\hl">
      <UniqueIdentifier>{5f6ed158-3335-4590-ba88-c1ac396a0a9e}</UniqueIdentifier>
    </Filter>
    <Filter Include="Source Files\_hl\dlls\wpn_shared">
      <UniqueIdentifier>{aaa9c835-9357-47ee-b20f-ff7b91bc37a6}</UniqueIdentifier>
    </Filter>
    <Filter Include="Source Files\_hl\dlls\asheep">
      <UniqueIdentifier>{8bf28b13-5e40-4624-a982-2e3085caaf49}</UniqueIdentifier>
    </Filter>
    <Filter Include="Header Files\dlls">
      <UniqueIdentifier>{1b998e55-fc63-4b63-85bc-66374cd7f5b0}</UniqueIdentifier>
    </Filter>
    <Filter Include="Header Files\dlls\asheep">
      <UniqueIdentifier>{f71453b8-c97d-4f70-8626-19bf7d10c703}</UniqueIdentifier>
    </Filter>
  </ItemGroup>
  <ItemGroup>
    <Library Include="..\..\lib\public\game_controls.lib" />
  </ItemGroup>
</Project>